
Microsoft Visual Studio Solution File, Format Version 12.00
# Visual Studio Version 16
VisualStudioVersion = 16.0.31424.327
MinimumVisualStudioVersion = 10.0.40219.1
Project("{FAE04EC0-301F-11D3-BF4B-00C04F79EFBC}") = "UserList", "UserList.csproj", "{645D1749-D35A-424C-8CB2-BE1EE82275B8}"
EndProject
Global
	GlobalSection(SolutionConfigurationPlatforms) = preSolution
		Debug|Any CPU = Debug|Any CPU
		Release|Any CPU = Release|Any CPU
	EndGlobalSection
	GlobalSection(ProjectConfigurationPlatforms) = postSolution
		{645D1749-D35A-424C-8CB2-BE1EE82275B8}.Debug|Any CPU.ActiveCfg = Debug|Any CPU
		{645D1749-D35A-424C-8CB2-BE1EE82275B8}.Debug|Any CPU.Build.0 = Debug|Any CPU
		{645D1749-D35A-424C-8CB2-BE1EE82275B8}.Release|Any CPU.ActiveCfg = Release|Any CPU
		{645D1749-D35A-424C-8CB2-BE1EE82275B8}.Release|Any CPU.Build.0 = Release|Any CPU
	EndGlobalSection
	GlobalSection(SolutionProperties) = preSolution
		HideSolutionNode = FALSE
	EndGlobalSection
	GlobalSection(ExtensibilityGlobals) = postSolution
		SolutionGuid = {2E05F80C-BF42-417A-9D5E-51D57B924FFB}
	EndGlobalSection
EndGlobal
